{
  "nodes": {
    "home-manager": {
      "inputs": {
        "nixpkgs": [
          "nixpkgs"
        ]
      },
      "locked": {
        "lastModified": 1735344290,
        "narHash": "sha256-oJDtWPH1oJT34RJK1FSWjwX4qcGOBRkcNQPD0EbSfNM=",
        "owner": "nix-community",
        "repo": "home-manager",
        "rev": "613691f285dad87694c2ba1c9e6298d04736292d",
        "type": "github"
      },
      "original": {
        "owner": "nix-community",
        "ref": "release-24.11",
        "repo": "home-manager",
        "type": "github"
      }
    },
    "my-nur-packages": {
      "inputs": {
        "nixpkgs": [
          "nixpkgs"
        ]
      },
      "locked": {
        "lastModified": 1735847300,
        "narHash": "sha256-EEp1ghNPezL7O5S4Lc4OCcItw/xx7/NsT6YqOIN6lDM=",
        "owner": "LucasFA",
        "repo": "nur-packages",
        "rev": "7095173ec6dd0ef2ac62fbd791680615d0df1b71",
        "type": "github"
      },
      "original": {
        "owner": "LucasFA",
        "repo": "nur-packages",
        "type": "github"
      }
    },
    "nixos-hardware": {
      "locked": {
        "lastModified": 1734916558,
        "narHash": "sha256-3glsW/M0cOSEGclwYekRMOnwtFqEFJh+F3w/d2+zqRc=",
        "owner": "LucasFA",
        "repo": "nixos-hardware",
        "rev": "2703446b3b208a5a72366430a5177aef52bb816e",
        "type": "github"
      },
      "original": {
        "owner": "LucasFA",
        "ref": "slimbook_hero",
        "repo": "nixos-hardware",
        "type": "github"
      }
    },
    "nixpkgs": {
      "locked": {
        "lastModified": 1736203073,
        "narHash": "sha256-90+PIv5hgePfeBaEHu+xu0ju/g9o7NMvBaMnlq71kYY=",
        "ref": "testing-nixos-24.11-slimbook",
        "rev": "5fc570ad5d492364f18fce483b94c32dee616874",
        "revCount": 734383,
        "type": "git",
        "url": "file:///home/lucasfa/dev/nixpkgs"
      },
      "original": {
        "ref": "testing-nixos-24.11-slimbook",
        "type": "git",
        "url": "file:///home/lucasfa/dev/nixpkgs"
      }
    },
    "nixpkgs_2": {
      "locked": {
        "lastModified": 1735554305,
        "narHash": "sha256-zExSA1i/b+1NMRhGGLtNfFGXgLtgo+dcuzHzaWA6w3Q=",
        "owner": "nixos",
        "repo": "nixpkgs",
        "rev": "0e82ab234249d8eee3e8c91437802b32c74bb3fd",
        "type": "github"
      },
      "original": {
        "owner": "nixos",
        "ref": "nixpkgs-unstable",
        "repo": "nixpkgs",
        "type": "github"
      }
    },
    "root": {
      "inputs": {
        "home-manager": "home-manager",
        "my-nur-packages": "my-nur-packages",
        "nixos-hardware": "nixos-hardware",
        "nixpkgs": "nixpkgs",
        "systems": "systems",
        "treefmt-nix": "treefmt-nix"
      }
    },
    "systems": {
      "locked": {
        "lastModified": 1681028828,
        "narHash": "sha256-Vy1rq5AaRuLzOxct8nz4T6wlgyUR7zLU309k9mBC768=",
        "owner": "nix-systems",
        "repo": "default",
        "rev": "da67096a3b9bf56a91d16901293e51ba5b49a27e",
        "type": "github"
      },
      "original": {
        "id": "systems",
        "type": "indirect"
      }
    },
    "treefmt-nix": {
      "inputs": {
        "nixpkgs": "nixpkgs_2"
      },
      "locked": {
        "lastModified": 1736154270,
        "narHash": "sha256-p2r8xhQZ3TYIEKBoiEhllKWQqWNJNoT9v64Vmg4q8Zw=",
        "owner": "numtide",
        "repo": "treefmt-nix",
        "rev": "13c913f5deb3a5c08bb810efd89dc8cb24dd968b",
        "type": "github"
      },
      "original": {
        "owner": "numtide",
        "repo": "treefmt-nix",
        "type": "github"
      }
    }
  },
  "root": "root",
  "version": 7
}
